
Microsoft Visual Studio Solution File, Format Version 12.00
# Visual Studio 15
VisualStudioVersion = 15.0.26730.10
MinimumVisualStudioVersion = 10.0.40219.1
Project("{9A19103F-16F7-4668-BE54-9A1E7A4F7556}") = "App", "App\App.csproj", "{A34C7ED9-63B9-4E36-BDD5-9B83D9EDFA26}"
EndProject
Project("{9A19103F-16F7-4668-BE54-9A1E7A4F7556}") = "Microsoft.AspNetCore.Server.SocketHttpListener", "Microsoft.AspNetCore.Server.SocketHttpListener\Microsoft.AspNetCore.Server.SocketHttpListener.csproj", "{D1CCD8A4-3532-48E8-89A4-38A10B7A7683}"
EndProject
Global
	GlobalSection(SolutionConfigurationPlatforms) = preSolution
		Debug|Any CPU = Debug|Any CPU
		Release|Any CPU = Release|Any CPU
	EndGlobalSection
	GlobalSection(ProjectConfigurationPlatforms) = postSolution
		{A34C7ED9-63B9-4E36-BDD5-9B83D9EDFA26}.Debug|Any CPU.ActiveCfg = Debug|Any CPU
		{A34C7ED9-63B9-4E36-BDD5-9B83D9EDFA26}.Debug|Any CPU.Build.0 = Debug|Any CPU
		{A34C7ED9-63B9-4E36-BDD5-9B83D9EDFA26}.Release|Any CPU.ActiveCfg = Release|Any CPU
		{A34C7ED9-63B9-4E36-BDD5-9B83D9EDFA26}.Release|Any CPU.Build.0 = Release|Any CPU
		{D1CCD8A4-3532-48E8-89A4-38A10B7A7683}.Debug|Any CPU.ActiveCfg = Debug|Any CPU
		{D1CCD8A4-3532-48E8-89A4-38A10B7A7683}.Debug|Any CPU.Build.0 = Debug|Any CPU
		{D1CCD8A4-3532-48E8-89A4-38A10B7A7683}.Release|Any CPU.ActiveCfg = Release|Any CPU
		{D1CCD8A4-3532-48E8-89A4-38A10B7A7683}.Release|Any CPU.Build.0 = Release|Any CPU
	EndGlobalSection
	GlobalSection(SolutionProperties) = preSolution
		HideSolutionNode = FALSE
	EndGlobalSection
	GlobalSection(ExtensibilityGlobals) = postSolution
		SolutionGuid = {DD0C6136-65E7-4D63-BE92-B90F932E0000}
	EndGlobalSection
EndGlobal
